// !$*UTF8*$!
{
	archiveVersion = 1;
	classes = {
	};
	objectVersion = 77;
	objects = {

/* Begin PBXBuildFile section */
		A796E84A2E2DF88900DE5E5A /* ContentView.swift in Sources */ = {isa = PBXBuildFile; fileRef = A796E8472E2DF88900DE5E5A /* ContentView.swift */; };
		A796E84B2E2DF88900DE5E5A /* TicTacToeApp.swift in Sources */ = {isa = PBXBuildFile; fileRef = A796E8482E2DF88900DE5E5A /* TicTacToeApp.swift */; };
		A796E8522E2DF96800DE5E5A /* CellView.swift in Sources */ = {isa = PBXBuildFile; fileRef = A796E8512E2DF95B00DE5E5A /* CellView.swift */; };
		A796E8542E2DF97300DE5E5A /* ConfettiView.swift in Sources */ = {isa = PBXBuildFile; fileRef = A796E8532E2DF96F00DE5E5A /* ConfettiView.swift */; };
		A796E8562E2DF9A300DE5E5A /* Player.swift in Sources */ = {isa = PBXBuildFile; fileRef = A796E8552E2DF9A000DE5E5A /* Player.swift */; };
		A796E8582E2DF9AC00DE5E5A /* GameState.swift in Sources */ = {isa = PBXBuildFile; fileRef = A796E8572E2DF9A900DE5E5A /* GameState.swift */; };
		A796E85A2E2DF9BD00DE5E5A /* GameViewModel.swift in Sources */ = {isa = PBXBuildFile; fileRef = A796E8592E2DF9B500DE5E5A /* GameViewModel.swift */; };
		A796E85C2E2DF9F700DE5E5A /* GameEngineProtocol.swift in Sources */ = {isa = PBXBuildFile; fileRef = A796E85B2E2DF9F100DE5E5A /* GameEngineProtocol.swift */; };
		A796E85E2E2DF9FD00DE5E5A /* GameEngine.swift in Sources */ = {isa = PBXBuildFile; fileRef = A796E85D2E2DF9FA00DE5E5A /* GameEngine.swift */; };
/* End PBXBuildFile section */

/* Begin PBXContainerItemProxy section */
		A796E8EA2E2E471400DE5E5A /* PBXContainerItemProxy */ = {
			isa = PBXContainerItemProxy;
			containerPortal = A796E8142E2DF7CC00DE5E5A /* Project object */;
			proxyType = 1;
			remoteGlobalIDString = A796E81B2E2DF7CC00DE5E5A;
			remoteInfo = TicTacToe;
		};
		A796E8F92E2E473A00DE5E5A /* PBXContainerItemProxy */ = {
			isa = PBXContainerItemProxy;
			containerPortal = A796E8142E2DF7CC00DE5E5A /* Project object */;
			proxyType = 1;
			remoteGlobalIDString = A796E81B2E2DF7CC00DE5E5A;
			remoteInfo = TicTacToe;
		};
/* End PBXContainerItemProxy section */

/* Begin PBXFileReference section */
		A796E81C2E2DF7CC00DE5E5A /* TicTacToe.app */ = {isa = PBXFileReference; explicitFileType = wrapper.application; includeInIndex = 0; path = TicTacToe.app; sourceTree = BUILT_PRODUCTS_DIR; };
		A796E8472E2DF88900DE5E5A /* ContentView.swift */ = {isa = PBXFileReference; lastKnownFileType = sourcecode.swift; path = ContentView.swift; sourceTree = "<group>"; };
		A796E8482E2DF88900DE5E5A /* TicTacToeApp.swift */ = {isa = PBXFileReference; lastKnownFileType = sourcecode.swift; path = TicTacToeApp.swift; sourceTree = "<group>"; };
		A796E8512E2DF95B00DE5E5A /* CellView.swift */ = {isa = PBXFileReference; lastKnownFileType = sourcecode.swift; path = CellView.swift; sourceTree = "<group>"; };
		A796E8532E2DF96F00DE5E5A /* ConfettiView.swift */ = {isa = PBXFileReference; lastKnownFileType = sourcecode.swift; path = ConfettiView.swift; sourceTree = "<group>"; };
		A796E8552E2DF9A000DE5E5A /* Player.swift */ = {isa = PBXFileReference; lastKnownFileType = sourcecode.swift; path = Player.swift; sourceTree = "<group>"; };
		A796E8572E2DF9A900DE5E5A /* GameState.swift */ = {isa = PBXFileReference; lastKnownFileType = sourcecode.swift; path = GameState.swift; sourceTree = "<group>"; };
		A796E8592E2DF9B500DE5E5A /* GameViewModel.swift */ = {isa = PBXFileReference; lastKnownFileType = sourcecode.swift; path = GameViewModel.swift; sourceTree = "<group>"; };
		A796E85B2E2DF9F100DE5E5A /* GameEngineProtocol.swift */ = {isa = PBXFileReference; lastKnownFileType = sourcecode.swift; path = GameEngineProtocol.swift; sourceTree = "<group>"; };
		A796E85D2E2DF9FA00DE5E5A /* GameEngine.swift */ = {isa = PBXFileReference; lastKnownFileType = sourcecode.swift; path = GameEngine.swift; sourceTree = "<group>"; };
		A796E8E62E2E471400DE5E5A /* TicTacToeTests.xctest */ = {isa = PBXFileReference; explicitFileType = wrapper.cfbundle; includeInIndex = 0; path = TicTacToeTests.xctest; sourceTree = BUILT_PRODUCTS_DIR; };
		A796E8F32E2E473A00DE5E5A /* TicTacToeUITests.xctest */ = {isa = PBXFileReference; explicitFileType = wrapper.cfbundle; includeInIndex = 0; path = TicTacToeUITests.xctest; sourceTree = BUILT_PRODUCTS_DIR; };
/* End PBXFileReference section */

/* Begin PBXFileSystemSynchronizedRootGroup section */
		A796E8E72E2E471400DE5E5A /* TicTacToeTests */ = {
			isa = PBXFileSystemSynchronizedRootGroup;
			path = TicTacToeTests;
			sourceTree = "<group>";
		};
		A796E8F42E2E473A00DE5E5A /* TicTacToeUITests */ = {
			isa = PBXFileSystemSynchronizedRootGroup;
			path = TicTacToeUITests;
			sourceTree = "<group>";
		};
/* End PBXFileSystemSynchronizedRootGroup section */

/* Begin PBXFrameworksBuildPhase section */
		A796E8192E2DF7CC00DE5E5A /* Frameworks */ = {
			isa = PBXFrameworksBuildPhase;
			buildActionMask = 2147483647;
			files = (
			);
			runOnlyForDeploymentPostprocessing = 0;
		};
		A796E8E32E2E471400DE5E5A /* Frameworks */ = {
			isa = PBXFrameworksBuildPhase;
			buildActionMask = 2147483647;
			files = (
			);
			runOnlyForDeploymentPostprocessing = 0;
		};
		A796E8F02E2E473A00DE5E5A /* Frameworks */ = {
			isa = PBXFrameworksBuildPhase;
			buildActionMask = 2147483647;
			files = (
			);
			runOnlyForDeploymentPostprocessing = 0;
		};
/* End PBXFrameworksBuildPhase section */

/* Begin PBXGroup section */
		A796E8132E2DF7CC00DE5E5A = {
			isa = PBXGroup;
			children = (
				A796E8492E2DF88900DE5E5A /* TicTacToe */,
				A796E8E72E2E471400DE5E5A /* TicTacToeTests */,
				A796E8F42E2E473A00DE5E5A /* TicTacToeUITests */,
				A796E81D2E2DF7CC00DE5E5A /* Products */,
			);
			sourceTree = "<group>";
		};
		A796E81D2E2DF7CC00DE5E5A /* Products */ = {
			isa = PBXGroup;
			children = (
				A796E81C2E2DF7CC00DE5E5A /* TicTacToe.app */,
				A796E8E62E2E471400DE5E5A /* TicTacToeTests.xctest */,
				A796E8F32E2E473A00DE5E5A /* TicTacToeUITests.xctest */,
			);
			name = Products;
			sourceTree = "<group>";
		};
		A796E8492E2DF88900DE5E5A /* TicTacToe */ = {
			isa = PBXGroup;
			children = (
				A796E8502E2DF90800DE5E5A /* Views */,
				A796E84F2E2DF8FA00DE5E5A /* Services */,
				A796E84E2E2DF8F000DE5E5A /* ViewModels */,
				A796E84D2E2DF8C700DE5E5A /* Models */,
				A796E8482E2DF88900DE5E5A /* TicTacToeApp.swift */,
			);
			path = TicTacToe;
			sourceTree = "<group>";
		};
		A796E84D2E2DF8C700DE5E5A /* Models */ = {
			isa = PBXGroup;
			children = (
				A796E8572E2DF9A900DE5E5A /* GameState.swift */,
				A796E8552E2DF9A000DE5E5A /* Player.swift */,
			);
			path = Models;
			sourceTree = "<group>";
		};
		A796E84E2E2DF8F000DE5E5A /* ViewModels */ = {
			isa = PBXGroup;
			children = (
				A796E8592E2DF9B500DE5E5A /* GameViewModel.swift */,
			);
			path = ViewModels;
			sourceTree = "<group>";
		};
		A796E84F2E2DF8FA00DE5E5A /* Services */ = {
			isa = PBXGroup;
			children = (
				A796E85D2E2DF9FA00DE5E5A /* GameEngine.swift */,
				A796E85B2E2DF9F100DE5E5A /* GameEngineProtocol.swift */,
			);
			path = Services;
			sourceTree = "<group>";
		};
		A796E8502E2DF90800DE5E5A /* Views */ = {
			isa = PBXGroup;
			children = (
				A796E8532E2DF96F00DE5E5A /* ConfettiView.swift */,
				A796E8472E2DF88900DE5E5A /* ContentView.swift */,
				A796E8512E2DF95B00DE5E5A /* CellView.swift */,
			);
			path = Views;
			sourceTree = "<group>";
		};
/* End PBXGroup section */

/* Begin PBXNativeTarget section */
		A796E81B2E2DF7CC00DE5E5A /* TicTacToe */ = {
			isa = PBXNativeTarget;
			buildConfigurationList = A796E83D2E2DF7CE00DE5E5A /* Build configuration list for PBXNativeTarget "TicTacToe" */;
			buildPhases = (
				A796E8182E2DF7CC00DE5E5A /* Sources */,
				A796E8192E2DF7CC00DE5E5A /* Frameworks */,
				A796E81A2E2DF7CC00DE5E5A /* Resources */,
			);
			buildRules = (
			);
			dependencies = (
			);
			name = TicTacToe;
			packageProductDependencies = (
			);
			productName = TicTacToe;
			productReference = A796E81C2E2DF7CC00DE5E5A /* TicTacToe.app */;
			productType = "com.apple.product-type.application";
		};
		A796E8E52E2E471400DE5E5A /* TicTacToeTests */ = {
			isa = PBXNativeTarget;
			buildConfigurationList = A796E8EC2E2E471400DE5E5A /* Build configuration list for PBXNativeTarget "TicTacToeTests" */;
			buildPhases = (
				A796E8E22E2E471400DE5E5A /* Sources */,
				A796E8E32E2E471400DE5E5A /* Frameworks */,
				A796E8E42E2E471400DE5E5A /* Resources */,
			);
			buildRules = (
			);
			dependencies = (
				A796E8EB2E2E471400DE5E5A /* PBXTargetDependency */,
			);
			fileSystemSynchronizedGroups = (
				A796E8E72E2E471400DE5E5A /* TicTacToeTests */,
			);
			name = TicTacToeTests;
			packageProductDependencies = (
			);
			productName = TicTacToeTests;
			productReference = A796E8E62E2E471400DE5E5A /* TicTacToeTests.xctest */;
			productType = "com.apple.product-type.bundle.unit-test";
		};
		A796E8F22E2E473A00DE5E5A /* TicTacToeUITests */ = {
			isa = PBXNativeTarget;
			buildConfigurationList = A796E8FB2E2E473A00DE5E5A /* Build configuration list for PBXNativeTarget "TicTacToeUITests" */;
			buildPhases = (
				A796E8EF2E2E473A00DE5E5A /* Sources */,
				A796E8F02E2E473A00DE5E5A /* Frameworks */,
				A796E8F12E2E473A00DE5E5A /* Resources */,
			);
			buildRules = (
			);
			dependencies = (
				A796E8FA2E2E473A00DE5E5A /* PBXTargetDependency */,
			);
			fileSystemSynchronizedGroups = (
				A796E8F42E2E473A00DE5E5A /* TicTacToeUITests */,
			);
			name = TicTacToeUITests;
			packageProductDependencies = (
			);
			productName = TicTacToeUITests;
			productReference = A796E8F32E2E473A00DE5E5A /* TicTacToeUITests.xctest */;
			productType = "com.apple.product-type.bundle.ui-testing";
		};
/* End PBXNativeTarget section */

/* Begin PBXProject section */
		A796E8142E2DF7CC00DE5E5A /* Project object */ = {
			isa = PBXProject;
			attributes = {
				BuildIndependentTargetsInParallel = 1;
				LastSwiftUpdateCheck = 1640;
				LastUpgradeCheck = 1640;
				TargetAttributes = {
					A796E81B2E2DF7CC00DE5E5A = {
						CreatedOnToolsVersion = 16.4;
					};
					A796E8E52E2E471400DE5E5A = {
						CreatedOnToolsVersion = 16.4;
						TestTargetID = A796E81B2E2DF7CC00DE5E5A;
					};
					A796E8F22E2E473A00DE5E5A = {
						CreatedOnToolsVersion = 16.4;
						TestTargetID = A796E81B2E2DF7CC00DE5E5A;
					};
				};
			};
			buildConfigurationList = A796E8172E2DF7CC00DE5E5A /* Build configuration list for PBXProject "TicTacToe" */;
			developmentRegion = en;
			hasScannedForEncodings = 0;
			knownRegions = (
				en,
				Base,
			);
			mainGroup = A796E8132E2DF7CC00DE5E5A;
			minimizedProjectReferenceProxies = 1;
			preferredProjectObjectVersion = 77;
			productRefGroup = A796E81D2E2DF7CC00DE5E5A /* Products */;
			projectDirPath = "";
			projectRoot = "";
			targets = (
				A796E81B2E2DF7CC00DE5E5A /* TicTacToe */,
				A796E8E52E2E471400DE5E5A /* TicTacToeTests */,
				A796E8F22E2E473A00DE5E5A /* TicTacToeUITests */,
			);
		};
/* End PBXProject section */

/* Begin PBXResourcesBuildPhase section */
		A796E81A2E2DF7CC00DE5E5A /* Resources */ = {
			isa = PBXResourcesBuildPhase;
			buildActionMask = 2147483647;
			files = (
			);
			runOnlyForDeploymentPostprocessing = 0;
		};
		A796E8E42E2E471400DE5E5A /* Resources */ = {
			isa = PBXResourcesBuildPhase;
			buildActionMask = 2147483647;
			files = (
			);
			runOnlyForDeploymentPostprocessing = 0;
		};
		A796E8F12E2E473A00DE5E5A /* Resources */ = {
			isa = PBXResourcesBuildPhase;
			buildActionMask = 2147483647;
			files = (
			);
			runOnlyForDeploymentPostprocessing = 0;
		};
/* End PBXResourcesBuildPhase section */

/* Begin PBXSourcesBuildPhase section */
		A796E8182E2DF7CC00DE5E5A /* Sources */ = {
			isa = PBXSourcesBuildPhase;
			buildActionMask = 2147483647;
			files = (
				A796E8542E2DF97300DE5E5A /* ConfettiView.swift in Sources */,
				A796E84A2E2DF88900DE5E5A /* ContentView.swift in Sources */,
				A796E84B2E2DF88900DE5E5A /* TicTacToeApp.swift in Sources */,
				A796E8582E2DF9AC00DE5E5A /* GameState.swift in Sources */,
				A796E8562E2DF9A300DE5E5A /* Player.swift in Sources */,
				A796E85C2E2DF9F700DE5E5A /* GameEngineProtocol.swift in Sources */,
				A796E8522E2DF96800DE5E5A /* CellView.swift in Sources */,
				A796E85E2E2DF9FD00DE5E5A /* GameEngine.swift in Sources */,
				A796E85A2E2DF9BD00DE5E5A /* GameViewModel.swift in Sources */,
			);
			runOnlyForDeploymentPostprocessing = 0;
		};
		A796E8E22E2E471400DE5E5A /* Sources */ = {
			isa = PBXSourcesBuildPhase;
			buildActionMask = 2147483647;
			files = (
			);
			runOnlyForDeploymentPostprocessing = 0;
		};
		A796E8EF2E2E473A00DE5E5A /* Sources */ = {
			isa = PBXSourcesBuildPhase;
			buildActionMask = 2147483647;
			files = (
			);
			runOnlyForDeploymentPostprocessing = 0;
		};
/* End PBXSourcesBuildPhase section */

/* Begin PBXTargetDependency section */
		A796E8EB2E2E471400DE5E5A /* PBXTargetDependency */ = {
			isa = PBXTargetDependency;
			target = A796E81B2E2DF7CC00DE5E5A /* TicTacToe */;
			targetProxy = A796E8EA2E2E471400DE5E5A /* PBXContainerItemProxy */;
		};
		A796E8FA2E2E473A00DE5E5A /* PBXTargetDependency */ = {
			isa = PBXTargetDependency;
			target = A796E81B2E2DF7CC00DE5E5A /* TicTacToe */;
			targetProxy = A796E8F92E2E473A00DE5E5A /* PBXContainerItemProxy */;
		};
/* End PBXTargetDependency section */

/* Begin XCBuildConfiguration section */
		A796E83B2E2DF7CE00DE5E5A /* Debug */ = {
			isa = XCBuildConfiguration;
			buildSettings = {
				ALWAYS_SEARCH_USER_PATHS = NO;
				ASSETCATALOG_COMPILER_GENERATE_SWIFT_ASSET_SYMBOL_EXTENSIONS = YES;
				CLANG_ANALYZER_NONNULL = YES;
				CLANG_ANALYZER_NUMBER_OBJECT_CONVERSION = YES_AGGRESSIVE;
				CLANG_CXX_LANGUAGE_STANDARD = "gnu++20";
				CLANG_ENABLE_MODULES = YES;
				CLANG_ENABLE_OBJC_ARC = YES;
				CLANG_ENABLE_OBJC_WEAK = YES;
				CLANG_WARN_BLOCK_CAPTURE_AUTORELEASING = YES;
				CLANG_WARN_BOOL_CONVERSION = YES;
				CLANG_WARN_COMMA = YES;
				CLANG_WARN_CONSTANT_CONVERSION = YES;
				CLANG_WARN_DEPRECATED_OBJC_IMPLEMENTATIONS = YES;
				CLANG_WARN_DIRECT_OBJC_ISA_USAGE = YES_ERROR;
				CLANG_WARN_DOCUMENTATION_COMMENTS = YES;
				CLANG_WARN_EMPTY_BODY = YES;
				CLANG_WARN_ENUM_CONVERSION = YES;
				CLANG_WARN_INFINITE_RECURSION = YES;
				CLANG_WARN_INT_CONVERSION = YES;
				CLANG_WARN_NON_LITERAL_NULL_CONVERSION = YES;
				CLANG_WARN_OBJC_IMPLICIT_RETAIN_SELF = YES;
				CLANG_WARN_OBJC_LITERAL_CONVERSION = YES;
				CLANG_WARN_OBJC_ROOT_CLASS = YES_ERROR;
				CLANG_WARN_QUOTED_INCLUDE_IN_FRAMEWORK_HEADER = YES;
				CLANG_WARN_RANGE_LOOP_ANALYSIS = YES;
				CLANG_WARN_STRICT_PROTOTYPES = YES;
				CLANG_WARN_SUSPICIOUS_MOVE = YES;
				CLANG_WARN_UNGUARDED_AVAILABILITY = YES_AGGRESSIVE;
				CLANG_WARN_UNREACHABLE_CODE = YES;
				CLANG_WARN__DUPLICATE_METHOD_MATCH = YES;
				COPY_PHASE_STRIP = NO;
				DEBUG_INFORMATION_FORMAT = dwarf;
				ENABLE_STRICT_OBJC_MSGSEND = YES;
				ENABLE_TESTABILITY = YES;
				ENABLE_USER_SCRIPT_SANDBOXING = YES;
				GCC_C_LANGUAGE_STANDARD = gnu17;
				GCC_DYNAMIC_NO_PIC = NO;
				GCC_NO_COMMON_BLOCKS = YES;
				GCC_OPTIMIZATION_LEVEL = 0;
				GCC_PREPROCESSOR_DEFINITIONS = (
					"DEBUG=1",
					"$(inherited)",
				);
				GCC_WARN_64_TO_32_BIT_CONVERSION = YES;
				GCC_WARN_ABOUT_RETURN_TYPE = YES_ERROR;
				GCC_WARN_UNDECLARED_SELECTOR = YES;
				GCC_WARN_UNINITIALIZED_AUTOS = YES_AGGRESSIVE;
				GCC_WARN_UNUSED_FUNCTION = YES;
				GCC_WARN_UNUSED_VARIABLE = YES;
				IPHONEOS_DEPLOYMENT_TARGET = 18.5;
				LOCALIZATION_PREFERS_STRING_CATALOGS = YES;
				MTL_ENABLE_DEBUG_INFO = INCLUDE_SOURCE;
				MTL_FAST_MATH = YES;
				ONLY_ACTIVE_ARCH = YES;
				SDKROOT = iphoneos;
				SWIFT_ACTIVE_COMPILATION_CONDITIONS = "DEBUG $(inherited)";
				SWIFT_OPTIMIZATION_LEVEL = "-Onone";
			};
			name = Debug;
		};
		A796E83C2E2DF7CE00DE5E5A /* Release */ = {
			isa = XCBuildConfiguration;
			buildSettings = {
				ALWAYS_SEARCH_USER_PATHS = NO;
				ASSETCATALOG_COMPILER_GENERATE_SWIFT_ASSET_SYMBOL_EXTENSIONS = YES;
				CLANG_ANALYZER_NONNULL = YES;
				CLANG_ANALYZER_NUMBER_OBJECT_CONVERSION = YES_AGGRESSIVE;
				CLANG_CXX_LANGUAGE_STANDARD = "gnu++20";
				CLANG_ENABLE_MODULES = YES;
				CLANG_ENABLE_OBJC_ARC = YES;
				CLANG_ENABLE_OBJC_WEAK = YES;
				CLANG_WARN_BLOCK_CAPTURE_AUTORELEASING = YES;
				CLANG_WARN_BOOL_CONVERSION = YES;
				CLANG_WARN_COMMA = YES;
				CLANG_WARN_CONSTANT_CONVERSION = YES;
				CLANG_WARN_DEPRECATED_OBJC_IMPLEMENTATIONS = YES;
				CLANG_WARN_DIRECT_OBJC_ISA_USAGE = YES_ERROR;
				CLANG_WARN_DOCUMENTATION_COMMENTS = YES;
				CLANG_WARN_EMPTY_BODY = YES;
				CLANG_WARN_ENUM_CONVERSION = YES;
				CLANG_WARN_INFINITE_RECURSION = YES;
				CLANG_WARN_INT_CONVERSION = YES;
				CLANG_WARN_NON_LITERAL_NULL_CONVERSION = YES;
				CLANG_WARN_OBJC_IMPLICIT_RETAIN_SELF = YES;
				CLANG_WARN_OBJC_LITERAL_CONVERSION = YES;
				CLANG_WARN_OBJC_ROOT_CLASS = YES_ERROR;
				CLANG_WARN_QUOTED_INCLUDE_IN_FRAMEWORK_HEADER = YES;
				CLANG_WARN_RANGE_LOOP_ANALYSIS = YES;
				CLANG_WARN_STRICT_PROTOTYPES = YES;
				CLANG_WARN_SUSPICIOUS_MOVE = YES;
				CLANG_WARN_UNGUARDED_AVAILABILITY = YES_AGGRESSIVE;
				CLANG_WARN_UNREACHABLE_CODE = YES;
				CLANG_WARN__DUPLICATE_METHOD_MATCH = YES;
				COPY_PHASE_STRIP = NO;
				DEBUG_INFORMATION_FORMAT = "dwarf-with-dsym";
				ENABLE_NS_ASSERTIONS = NO;
				ENABLE_STRICT_OBJC_MSGSEND = YES;
				ENABLE_USER_SCRIPT_SANDBOXING = YES;
				GCC_C_LANGUAGE_STANDARD = gnu17;
				GCC_NO_COMMON_BLOCKS = YES;
				GCC_WARN_64_TO_32_BIT_CONVERSION = YES;
				GCC_WARN_ABOUT_RETURN_TYPE = YES_ERROR;
				GCC_WARN_UNDECLARED_SELECTOR = YES;
				GCC_WARN_UNINITIALIZED_AUTOS = YES_AGGRESSIVE;
				GCC_WARN_UNUSED_FUNCTION = YES;
				GCC_WARN_UNUSED_VARIABLE = YES;
				IPHONEOS_DEPLOYMENT_TARGET = 18.5;
				LOCALIZATION_PREFERS_STRING_CATALOGS = YES;
				MTL_ENABLE_DEBUG_INFO = NO;
				MTL_FAST_MATH = YES;
				SDKROOT = iphoneos;
				SWIFT_COMPILATION_MODE = wholemodule;
				VALIDATE_PRODUCT = YES;
			};
			name = Release;
		};
		A796E83E2E2DF7CE00DE5E5A /* Debug */ = {
			isa = XCBuildConfiguration;
			buildSettings = {
				ASSETCATALOG_COMPILER_APPICON_NAME = AppIcon;
				ASSETCATALOG_COMPILER_GLOBAL_ACCENT_COLOR_NAME = AccentColor;
				CODE_SIGN_STYLE = Automatic;
				CURRENT_PROJECT_VERSION = 1;
				ENABLE_PREVIEWS = YES;
				GENERATE_INFOPLIST_FILE = YES;
				INFOPLIST_KEY_UIApplicationSceneManifest_Generation = YES;
				INFOPLIST_KEY_UIApplicationSupportsIndirectInputEvents = YES;
				INFOPLIST_KEY_UILaunchScreen_Generation = YES;
				INFOPLIST_KEY_UISupportedInterfaceOrientations_iPad = "UIInterfaceOrientationPortrait UIInterfaceOrientationPortraitUpsideDown UIInterfaceOrientationLandscapeLeft UIInterfaceOrientationLandscapeRight";
				INFOPLIST_KEY_UISupportedInterfaceOrientations_iPhone = "UIInterfaceOrientationPortrait UIInterfaceOrientationLandscapeLeft UIInterfaceOrientationLandscapeRight";
				LD_RUNPATH_SEARCH_PATHS = (
					"$(inherited)",
					"@executable_path/Frameworks",
				);
				MARKETING_VERSION = 1.0;
				PRODUCT_BUNDLE_IDENTIFIER = apple.TicTacToe;
				PRODUCT_NAME = "$(TARGET_NAME)";
				SWIFT_EMIT_LOC_STRINGS = YES;
				SWIFT_VERSION = 5.0;
				TARGETED_DEVICE_FAMILY = "1,2";
			};
			name = Debug;
		};
		A796E83F2E2DF7CE00DE5E5A /* Release */ = {
			isa = XCBuildConfiguration;
			buildSettings = {
				ASSETCATALOG_COMPILER_APPICON_NAME = AppIcon;
				ASSETCATALOG_COMPILER_GLOBAL_ACCENT_COLOR_NAME = AccentColor;
				CODE_SIGN_STYLE = Automatic;
				CURRENT_PROJECT_VERSION = 1;
				ENABLE_PREVIEWS = YES;
				GENERATE_INFOPLIST_FILE = YES;
				INFOPLIST_KEY_UIApplicationSceneManifest_Generation = YES;
				INFOPLIST_KEY_UIApplicationSupportsIndirectInputEvents = YES;
				INFOPLIST_KEY_UILaunchScreen_Generation = YES;
				INFOPLIST_KEY_UISupportedInterfaceOrientations_iPad = "UIInterfaceOrientationPortrait UIInterfaceOrientationPortraitUpsideDown UIInterfaceOrientationLandscapeLeft UIInterfaceOrientationLandscapeRight";
				INFOPLIST_KEY_UISupportedInterfaceOrientations_iPhone = "UIInterfaceOrientationPortrait UIInterfaceOrientationLandscapeLeft UIInterfaceOrientationLandscapeRight";
				LD_RUNPATH_SEARCH_PATHS = (
					"$(inherited)",
					"@executable_path/Frameworks",
				);
				MARKETING_VERSION = 1.0;
				PRODUCT_BUNDLE_IDENTIFIER = apple.TicTacToe;
				PRODUCT_NAME = "$(TARGET_NAME)";
				SWIFT_EMIT_LOC_STRINGS = YES;
				SWIFT_VERSION = 5.0;
				TARGETED_DEVICE_FAMILY = "1,2";
			};
			name = Release;
		};
		A796E8ED2E2E471400DE5E5A /* Debug */ = {
			isa = XCBuildConfiguration;
			buildSettings = {
				BUNDLE_LOADER = "$(TEST_HOST)";
				CODE_SIGN_STYLE = Automatic;
				CURRENT_PROJECT_VERSION = 1;
				GENERATE_INFOPLIST_FILE = YES;
				MARKETING_VERSION = 1.0;
				PRODUCT_BUNDLE_IDENTIFIER = apple.TicTacToeTests;
				PRODUCT_NAME = "$(TARGET_NAME)";
				SWIFT_EMIT_LOC_STRINGS = NO;
				SWIFT_VERSION = 5.0;
				TARGETED_DEVICE_FAMILY = "1,2";
				TEST_HOST = "$(BUILT_PRODUCTS_DIR)/TicTacToe.app/$(BUNDLE_EXECUTABLE_FOLDER_PATH)/TicTacToe";
			};
			name = Debug;
		};
		A796E8EE2E2E471400DE5E5A /* Release */ = {
			isa = XCBuildConfiguration;
			buildSettings = {
				BUNDLE_LOADER = "$(TEST_HOST)";
				CODE_SIGN_STYLE = Automatic;
				CURRENT_PROJECT_VERSION = 1;
				GENERATE_INFOPLIST_FILE = YES;
				MARKETING_VERSION = 1.0;
				PRODUCT_BUNDLE_IDENTIFIER = apple.TicTacToeTests;
				PRODUCT_NAME = "$(TARGET_NAME)";
				SWIFT_EMIT_LOC_STRINGS = NO;
				SWIFT_VERSION = 5.0;
				TARGETED_DEVICE_FAMILY = "1,2";
				TEST_HOST = "$(BUILT_PRODUCTS_DIR)/TicTacToe.app/$(BUNDLE_EXECUTABLE_FOLDER_PATH)/TicTacToe";
			};
			name = Release;
		};
		A796E8FC2E2E473A00DE5E5A /* Debug */ = {
			isa = XCBuildConfiguration;
			buildSettings = {
				CODE_SIGN_STYLE = Automatic;
				CURRENT_PROJECT_VERSION = 1;
				GENERATE_INFOPLIST_FILE = YES;
				MARKETING_VERSION = 1.0;
				PRODUCT_BUNDLE_IDENTIFIER = apple.TicTacToeUITests;
				PRODUCT_NAME = "$(TARGET_NAME)";
				SWIFT_EMIT_LOC_STRINGS = NO;
				SWIFT_VERSION = 5.0;
				TARGETED_DEVICE_FAMILY = "1,2";
				TEST_TARGET_NAME = TicTacToe;
			};
			name = Debug;
		};
		A796E8FD2E2E473A00DE5E5A /* Release */ = {
			isa = XCBuildConfiguration;
			buildSettings = {
				CODE_SIGN_STYLE = Automatic;
				CURRENT_PROJECT_VERSION = 1;
				GENERATE_INFOPLIST_FILE = YES;
				MARKETING_VERSION = 1.0;
				PRODUCT_BUNDLE_IDENTIFIER = apple.TicTacToeUITests;
				PRODUCT_NAME = "$(TARGET_NAME)";
				SWIFT_EMIT_LOC_STRINGS = NO;
				SWIFT_VERSION = 5.0;
				TARGETED_DEVICE_FAMILY = "1,2";
				TEST_TARGET_NAME = TicTacToe;
			};
			name = Release;
		};
/* End XCBuildConfiguration section */

/* Begin XCConfigurationList section */
		A796E8172E2DF7CC00DE5E5A /* Build configuration list for PBXProject "TicTacToe" */ = {
			isa = XCConfigurationList;
			buildConfigurations = (
				A796E83B2E2DF7CE00DE5E5A /* Debug */,
				A796E83C2E2DF7CE00DE5E5A /* Release */,
			);
			defaultConfigurationIsVisible = 0;
			defaultConfigurationName = Release;
		};
		A796E83D2E2DF7CE00DE5E5A /* Build configuration list for PBXNativeTarget "TicTacToe" */ = {
			isa = XCConfigurationList;
			buildConfigurations = (
				A796E83E2E2DF7CE00DE5E5A /* Debug */,
				A796E83F2E2DF7CE00DE5E5A /* Release */,
			);
			defaultConfigurationIsVisible = 0;
			defaultConfigurationName = Release;
		};
		A796E8EC2E2E471400DE5E5A /* Build configuration list for PBXNativeTarget "TicTacToeTests" */ = {
			isa = XCConfigurationList;
			buildConfigurations = (
				A796E8ED2E2E471400DE5E5A /* Debug */,
				A796E8EE2E2E471400DE5E5A /* Release */,
			);
			defaultConfigurationIsVisible = 0;
			defaultConfigurationName = Release;
		};
		A796E8FB2E2E473A00DE5E5A /* Build configuration list for PBXNativeTarget "TicTacToeUITests" */ = {
			isa = XCConfigurationList;
			buildConfigurations = (
				A796E8FC2E2E473A00DE5E5A /* Debug */,
				A796E8FD2E2E473A00DE5E5A /* Release */,
			);
			defaultConfigurationIsVisible = 0;
			defaultConfigurationName = Release;
		};
/* End XCConfigurationList section */
	};
	rootObject = A796E8142E2DF7CC00DE5E5A /* Project object */;
}
